{
  "nodes": {
    "fht-compositor": {
      "inputs": {
        "nixpkgs": [
          "nixpkgs"
        ],
        "rust-overlay": []
      },
      "locked": {
        "lastModified": 1789157399,
        "narHash": "sha256-kx/op4zEz7XxtLv4LyLT5oT4NuWxRPJ0JBgJNw5p/Rs=",
        "owner": "nferhat",
        "repo": "fht-compositor",
        "rev": "8fae51f3e50a6c806f4eb8be2e805866183503d4",
        "type": "github"
      },
      "original": {
        "owner": "nferhat",
        "repo": "fht-compositor",
        "type": "github"
      }
    },
    "home-manager": {
      "inputs": {
        "nixpkgs": "nixpkgs"
      },
      "locked": {
        "lastModified": 1789150619,
        "narHash": "sha256-Vsgv5atXkGWOOdLOL8oQLnZSGt1h140synPfFdwbyjU=",
        "owner": "nix-community",
        "repo": "home-manager",
        "rev": "e4345d5ae8aa1def34378d2a60ac5e6e4c8fd7c1",
        "type": "github"
      },
      "original": {
        "owner": "nix-community",
        "repo": "home-manager",
        "type": "github"
      }
    },
    "nixpkgs": {
      "locked": {
        "lastModified": 1787964612,
        "narHash": "sha256-0N9nghg3nwzX6b6qc77EzjR9cu/Z+UR66FlfsCqiURs=",
        "owner": "NixOS",
        "repo": "nixpkgs",
        "rev": "e8be7818e19ada32105a8af937a6a473b38167ca",
        "type": "github"
      },
      "original": {
        "owner": "NixOS",
        "ref": "nixpkgs-unstable",
        "repo": "nixpkgs",
        "type": "github"
      }
    },
    "nixpkgs_2": {
      "locked": {
        "lastModified": 1789073787,
        "narHash": "sha256-vLblJRFZjrSBOyHD4jwBkGJm2iOVk8c9BJnzZTOojSc=",
        "rev": "aff8a0b28396750446e5537a96461bc4facdb287",
        "type": "tarball",
        "url": "https://releases.nixos.org/nixpkgs/nixpkgs-26.11pre1071116.aff8a0b28396/nixexprs.tar.zst"
      },
      "original": {
        "type": "tarball",
        "url": "https://channels.nixos.org/nixpkgs-unstable/nixexprs.tar.zst"
      }
    },
    "root": {
      "inputs": {
        "fht-compositor": "fht-compositor",
        "home-manager": "home-manager",
        "nixpkgs": "nixpkgs_2"
      }
    }
  },
  "root": "root",
  "version": 7
}
